
Microsoft Visual Studio Solution File, Format Version 12.00
# Visual Studio Version 17
VisualStudioVersion = 17.1.32210.238
MinimumVisualStudioVersion = 10.0.40219.1
Project("{FAE04EC0-301F-11D3-BF4B-00C04F79EFBC}") = "ProfileSwitcher", "ProfileSwitcher.csproj", "{A31D1AB5-3DDF-452A-9A39-F48ACC2D57B5}"
EndProject
Global
	GlobalSection(SolutionConfigurationPlatforms) = preSolution
		Debug|Any CPU = Debug|Any CPU
		Release|Any CPU = Release|Any CPU
	EndGlobalSection
	GlobalSection(ProjectConfigurationPlatforms) = postSolution
		{A31D1AB5-3DDF-452A-9A39-F48ACC2D57B5}.Debug|Any CPU.ActiveCfg = Debug|Any CPU
		{A31D1AB5-3DDF-452A-9A39-F48ACC2D57B5}.Debug|Any CPU.Build.0 = Debug|Any CPU
		{A31D1AB5-3DDF-452A-9A39-F48ACC2D57B5}.Release|Any CPU.ActiveCfg = Release|Any CPU
		{A31D1AB5-3DDF-452A-9A39-F48ACC2D57B5}.Release|Any CPU.Build.0 = Release|Any CPU
	EndGlobalSection
	GlobalSection(SolutionProperties) = preSolution
		HideSolutionNode = FALSE
	EndGlobalSection
	GlobalSection(ExtensibilityGlobals) = postSolution
		SolutionGuid = {C574AE26-B7A9-4C9D-9BBD-E544ED3263EC}
	EndGlobalSection
EndGlobal
